Microsoft Visual Studio Solution File, Format Version 12.00
# Visual Studio Version 17
VisualStudioVersion = 17.5.2.0
MinimumVisualStudioVersion = 10.0.40219.1
Project("{FAE04EC0-301F-11D3-BF4B-00C04F79EFBC}") = "GamificacaoApp", "GamificacaoApp.csproj", "{BD0B2F9F-29F3-2238-A87C-2762AEA69E0D}"
EndProject
Global
	GlobalSection(SolutionConfigurationPlatforms) = preSolution
		Debug|Any CPU = Debug|Any CPU
		Release|Any CPU = Release|Any CPU
	EndGlobalSection
	GlobalSection(ProjectConfigurationPlatforms) = postSolution
		{BD0B2F9F-29F3-2238-A87C-2762AEA69E0D}.Debug|Any CPU.ActiveCfg = Debug|Any CPU
		{BD0B2F9F-29F3-2238-A87C-2762AEA69E0D}.Debug|Any CPU.Build.0 = Debug|Any CPU
		{BD0B2F9F-29F3-2238-A87C-2762AEA69E0D}.Release|Any CPU.ActiveCfg = Release|Any CPU
		{BD0B2F9F-29F3-2238-A87C-2762AEA69E0D}.Release|Any CPU.Build.0 = Release|Any CPU
	EndGlobalSection
	GlobalSection(SolutionProperties) = preSolution
		HideSolutionNode = FALSE
	EndGlobalSection
	GlobalSection(ExtensibilityGlobals) = postSolution
		SolutionGuid = {051DF312-3BBF-46B6-AD86-EAEA28E1DC38}
	EndGlobalSection
EndGlobal
